lockfileVersion: '9.0'

settings:
  autoInstallPeers: true
  excludeLinksFromLockfile: false

importers:

  .:
    dependencies:
      '@rollup/plugin-json':
        specifier: ^6.1.0
        version: 6.1.0(rollup@4.17.2)
      rollup:
        specifier: ^4.17.2
        version: 4.17.2
      rollup-plugin-dts:
        specifier: ^6.1.1
        version: 6.1.1(rollup@4.17.2)(typescript@5.4.5)
      sade:
        specifier: ^1.8.1
        version: 1.8.1
      typescript:
        specifier: ^5.4.5
        version: 5.4.5
    devDependencies:
      '@hyrious/esbuild-dev':
        specifier: ^0.10.5
        version: 0.10.5(esbuild@0.21.3)
      '@types/node':
        specifier: ^20.12.12
        version: 20.12.12
      clean-stack:
        specifier: ^5.2.0
        version: 5.2.0
      esbuild:
        specifier: ^0.21.3
        version: 0.21.3
      escalade:
        specifier: ^3.1.2
        version: 3.1.2
      yoctocolors:
        specifier: ^2.0.2
        version: 2.0.2

packages:

  '@babel/code-frame@7.24.2':
    resolution: {integrity: sha512-y5+tLQyV8pg3fsiln67BVLD1P13Eg4lh5RW9mF0zUuvLrv9uIQ4MCL+CRT+FTsBlBjcIan6PGsLcBN0m3ClUyQ==}
    engines: {node: '>=6.9.0'}

  '@babel/helper-validator-identifier@7.24.5':
    resolution: {integrity: sha512-3q93SSKX2TWCG30M2G2kwaKeTYgEUp5Snjuj8qm729SObL6nbtUldAi37qbxkD5gg3xnBio+f9nqpSepGZMvxA==}
    engines: {node: '>=6.9.0'}

  '@babel/highlight@7.24.5':
    resolution: {integrity: sha512-8lLmua6AVh/8SLJRRVD6V8p73Hir9w5mJrhE+IPpILG31KKlI9iz5zmBYKcWPS59qSfgP9RaSBQSHHE81WKuEw==}
    engines: {node: '>=6.9.0'}

  '@esbuild/aix-ppc64@0.21.3':
    resolution: {integrity: sha512-yTgnwQpFVYfvvo4SvRFB0SwrW8YjOxEoT7wfMT7Ol5v7v5LDNvSGo67aExmxOb87nQNeWPVvaGBNfQ7BXcrZ9w==}
    engines: {node: '>=12'}
    cpu: [ppc64]
    os: [aix]

  '@esbuild/android-arm64@0.21.3':
    resolution: {integrity: sha512-c+ty9necz3zB1Y+d/N+mC6KVVkGUUOcm4ZmT5i/Fk5arOaY3i6CA3P5wo/7+XzV8cb4GrI/Zjp8NuOQ9Lfsosw==}
    engines: {node: '>=12'}
    cpu: [arm64]
    os: [android]

  '@esbuild/android-arm@0.21.3':
    resolution: {integrity: sha512-bviJOLMgurLJtF1/mAoJLxDZDL6oU5/ztMHnJQRejbJrSc9FFu0QoUoFhvi6qSKJEw9y5oGyvr9fuDtzJ30rNQ==}
    engines: {node: '>=12'}
    cpu: [arm]
    os: [android]

  '@esbuild/android-x64@0.21.3':
    resolution: {integrity: sha512-JReHfYCRK3FVX4Ra+y5EBH1b9e16TV2OxrPAvzMsGeES0X2Ndm9ImQRI4Ket757vhc5XBOuGperw63upesclRw==}
    engines: {node: '>=12'}
    cpu: [x64]
    os: [android]

  '@esbuild/darwin-arm64@0.21.3':
    resolution: {integrity: sha512-U3fuQ0xNiAkXOmQ6w5dKpEvXQRSpHOnbw7gEfHCRXPeTKW9sBzVck6C5Yneb8LfJm0l6le4NQfkNPnWMSlTFUQ==}
    engines: {node: '>=12'}
    cpu: [arm64]
    os: [darwin]

  '@esbuild/darwin-x64@0.21.3':
    resolution: {integrity: sha512-3m1CEB7F07s19wmaMNI2KANLcnaqryJxO1fXHUV5j1rWn+wMxdUYoPyO2TnAbfRZdi7ADRwJClmOwgT13qlP3Q==}
    engines: {node: '>=12'}
    cpu: [x64]
    os: [darwin]

  '@esbuild/freebsd-arm64@0.21.3':
    resolution: {integrity: sha512-fsNAAl5pU6wmKHq91cHWQT0Fz0vtyE1JauMzKotrwqIKAswwP5cpHUCxZNSTuA/JlqtScq20/5KZ+TxQdovU/g==}
    engines: {node: '>=12'}
    cpu: [arm64]
    os: [freebsd]

  '@esbuild/freebsd-x64@0.21.3':
    resolution: {integrity: sha512-tci+UJ4zP5EGF4rp8XlZIdq1q1a/1h9XuronfxTMCNBslpCtmk97Q/5qqy1Mu4zIc0yswN/yP/BLX+NTUC1bXA==}
    engines: {node: '>=12'}
    cpu: [x64]
    os: [freebsd]

  '@esbuild/linux-arm64@0.21.3':
    resolution: {integrity: sha512-vvG6R5g5ieB4eCJBQevyDMb31LMHthLpXTc2IGkFnPWS/GzIFDnaYFp558O+XybTmYrVjxnryru7QRleJvmZ6Q==}
    engines: {node: '>=12'}
    cpu: [arm64]
    os: [linux]

  '@esbuild/linux-arm@0.21.3':
    resolution: {integrity: sha512-f6kz2QpSuyHHg01cDawj0vkyMwuIvN62UAguQfnNVzbge2uWLhA7TCXOn83DT0ZvyJmBI943MItgTovUob36SQ==}
    engines: {node: '>=12'}
    cpu: [arm]
    os: [linux]

  '@esbuild/linux-ia32@0.21.3':
    resolution: {integrity: sha512-HjCWhH7K96Na+66TacDLJmOI9R8iDWDDiqe17C7znGvvE4sW1ECt9ly0AJ3dJH62jHyVqW9xpxZEU1jKdt+29A==}
    engines: {node: '>=12'}
    cpu: [ia32]
    os: [linux]

  '@esbuild/linux-loong64@0.21.3':
    resolution: {integrity: sha512-BGpimEccmHBZRcAhdlRIxMp7x9PyJxUtj7apL2IuoG9VxvU/l/v1z015nFs7Si7tXUwEsvjc1rOJdZCn4QTU+Q==}
    engines: {node: '>=12'}
    cpu: [loong64]
    os: [linux]

  '@esbuild/linux-mips64el@0.21.3':
    resolution: {integrity: sha512-5rMOWkp7FQGtAH3QJddP4w3s47iT20hwftqdm7b+loe95o8JU8ro3qZbhgMRy0VuFU0DizymF1pBKkn3YHWtsw==}
    engines: {node: '>=12'}
    cpu: [mips64el]
    os: [linux]

  '@esbuild/linux-ppc64@0.21.3':
    resolution: {integrity: sha512-h0zj1ldel89V5sjPLo5H1SyMzp4VrgN1tPkN29TmjvO1/r0MuMRwJxL8QY05SmfsZRs6TF0c/IDH3u7XYYmbAg==}
    engines: {node: '>=12'}
    cpu: [ppc64]
    os: [linux]

  '@esbuild/linux-riscv64@0.21.3':
    resolution: {integrity: sha512-dkAKcTsTJ+CRX6bnO17qDJbLoW37npd5gSNtSzjYQr0svghLJYGYB0NF1SNcU1vDcjXLYS5pO4qOW4YbFama4A==}
    engines: {node: '>=12'}
    cpu: [riscv64]
    os: [linux]

  '@esbuild/linux-s390x@0.21.3':
    resolution: {integrity: sha512-vnD1YUkovEdnZWEuMmy2X2JmzsHQqPpZElXx6dxENcIwTu+Cu5ERax6+Ke1QsE814Zf3c6rxCfwQdCTQ7tPuXA==}
    engines: {node: '>=12'}
    cpu: [s390x]
    os: [linux]

  '@esbuild/linux-x64@0.21.3':
    resolution: {integrity: sha512-IOXOIm9WaK7plL2gMhsWJd+l2bfrhfilv0uPTptoRoSb2p09RghhQQp9YY6ZJhk/kqmeRt6siRdMSLLwzuT0KQ==}
    engines: {node: '>=12'}
    cpu: [x64]
    os: [linux]

  '@esbuild/netbsd-x64@0.21.3':
    resolution: {integrity: sha512-uTgCwsvQ5+vCQnqM//EfDSuomo2LhdWhFPS8VL8xKf+PKTCrcT/2kPPoWMTs22aB63MLdGMJiE3f1PHvCDmUOw==}
    engines: {node: '>=12'}
    cpu: [x64]
    os: [netbsd]

  '@esbuild/openbsd-x64@0.21.3':
    resolution: {integrity: sha512-vNAkR17Ub2MgEud2Wag/OE4HTSI6zlb291UYzHez/psiKarp0J8PKGDnAhMBcHFoOHMXHfExzmjMojJNbAStrQ==}
    engines: {node: '>=12'}
    cpu: [x64]
    os: [openbsd]

  '@esbuild/sunos-x64@0.21.3':
    resolution: {integrity: sha512-W8H9jlGiSBomkgmouaRoTXo49j4w4Kfbl6I1bIdO/vT0+0u4f20ko3ELzV3hPI6XV6JNBVX+8BC+ajHkvffIJA==}
    engines: {node: '>=12'}
    cpu: [x64]
    os: [sunos]

  '@esbuild/win32-arm64@0.21.3':
    resolution: {integrity: sha512-EjEomwyLSCg8Ag3LDILIqYCZAq/y3diJ04PnqGRgq8/4O3VNlXyMd54j/saShaN4h5o5mivOjAzmU6C3X4v0xw==}
    engines: {node: '>=12'}
    cpu: [arm64]
    os: [win32]

  '@esbuild/win32-ia32@0.21.3':
    resolution: {integrity: sha512-WGiE/GgbsEwR33++5rzjiYsKyHywE8QSZPF7Rfx9EBfK3Qn3xyR6IjyCr5Uk38Kg8fG4/2phN7sXp4NPWd3fcw==}
    engines: {node: '>=12'}
    cpu: [ia32]
    os: [win32]

  '@esbuild/win32-x64@0.21.3':
    resolution: {integrity: sha512-xRxC0jaJWDLYvcUvjQmHCJSfMrgmUuvsoXgDeU/wTorQ1ngDdUBuFtgY3W1Pc5sprGAvZBtWdJX7RPg/iZZUqA==}
    engines: {node: '>=12'}
    cpu: [x64]
    os: [win32]

  '@hyrious/esbuild-dev@0.10.5':
    resolution: {integrity: sha512-f8ODDk7AP29tR+MKN29a8x4IpMs2LIYEK/eOY34oD5xjqtj+gP6cx4rrcnP4R9cZKKGMlLFDm0RN51eSqOnMlg==}
    engines: {node: ^14.18 || >=16}
    hasBin: true
    peerDependencies:
      esbuild: '>=0.17'

  '@jridgewell/sourcemap-codec@1.4.15':
    resolution: {integrity: sha512-eF2rxCRulEKXHTRiDrDy6erMYWqNw4LPdQ8UQA4huuxaQsVeRPFl2oM8oDGxMFhJUWZf9McpLtJasDDZb/Bpeg==}

  '@rollup/plugin-json@6.1.0':
    resolution: {integrity: sha512-EGI2te5ENk1coGeADSIwZ7G2Q8CJS2sF120T7jLw4xFw9n7wIOXHo+kIYRAoVpJAN+kmqZSoO3Fp4JtoNF4ReA==}
    engines: {node: '>=14.0.0'}
    peerDependencies:
      rollup: ^1.20.0||^2.0.0||^3.0.0||^4.0.0
    peerDependenciesMeta:
      rollup:
        optional: true

  '@rollup/pluginutils@5.1.0':
    resolution: {integrity: sha512-XTIWOPPcpvyKI6L1NHo0lFlCyznUEyPmPY1mc3KpPVDYulHSTvyeLNVW00QTLIAFNhR3kYnJTQHeGqU4M3n09g==}
    engines: {node: '>=14.0.0'}
    peerDependencies:
      rollup: ^1.20.0||^2.0.0||^3.0.0||^4.0.0
    peerDependenciesMeta:
      rollup:
        optional: true

  '@rollup/rollup-android-arm-eabi@4.17.2':
    resolution: {integrity: sha512-NM0jFxY8bB8QLkoKxIQeObCaDlJKewVlIEkuyYKm5An1tdVZ966w2+MPQ2l8LBZLjR+SgyV+nRkTIunzOYBMLQ==}
    cpu: [arm]
    os: [android]

  '@rollup/rollup-android-arm64@4.17.2':
    resolution: {integrity: sha512-yeX/Usk7daNIVwkq2uGoq2BYJKZY1JfyLTaHO/jaiSwi/lsf8fTFoQW/n6IdAsx5tx+iotu2zCJwz8MxI6D/Bw==}
    cpu: [arm64]
    os: [android]

  '@rollup/rollup-darwin-arm64@4.17.2':
    resolution: {integrity: sha512-kcMLpE6uCwls023+kknm71ug7MZOrtXo+y5p/tsg6jltpDtgQY1Eq5sGfHcQfb+lfuKwhBmEURDga9N0ol4YPw==}
    cpu: [arm64]
    os: [darwin]

  '@rollup/rollup-darwin-x64@4.17.2':
    resolution: {integrity: sha512-AtKwD0VEx0zWkL0ZjixEkp5tbNLzX+FCqGG1SvOu993HnSz4qDI6S4kGzubrEJAljpVkhRSlg5bzpV//E6ysTQ==}
    cpu: [x64]
    os: [darwin]

  '@rollup/rollup-linux-arm-gnueabihf@4.17.2':
    resolution: {integrity: sha512-3reX2fUHqN7sffBNqmEyMQVj/CKhIHZd4y631duy0hZqI8Qoqf6lTtmAKvJFYa6bhU95B1D0WgzHkmTg33In0A==}
    cpu: [arm]
    os: [linux]

  '@rollup/rollup-linux-arm-musleabihf@4.17.2':
    resolution: {integrity: sha512-uSqpsp91mheRgw96xtyAGP9FW5ChctTFEoXP0r5FAzj/3ZRv3Uxjtc7taRQSaQM/q85KEKjKsZuiZM3GyUivRg==}
    cpu: [arm]
    os: [linux]

  '@rollup/rollup-linux-arm64-gnu@4.17.2':
    resolution: {integrity: sha512-EMMPHkiCRtE8Wdk3Qhtciq6BndLtstqZIroHiiGzB3C5LDJmIZcSzVtLRbwuXuUft1Cnv+9fxuDtDxz3k3EW2A==}
    cpu: [arm64]
    os: [linux]

  '@rollup/rollup-linux-arm64-musl@4.17.2':
    resolution: {integrity: sha512-NMPylUUZ1i0z/xJUIx6VUhISZDRT+uTWpBcjdv0/zkp7b/bQDF+NfnfdzuTiB1G6HTodgoFa93hp0O1xl+/UbA==}
    cpu: [arm64]
    os: [linux]

  '@rollup/rollup-linux-powerpc64le-gnu@4.17.2':
    resolution: {integrity: sha512-T19My13y8uYXPw/L/k0JYaX1fJKFT/PWdXiHr8mTbXWxjVF1t+8Xl31DgBBvEKclw+1b00Chg0hxE2O7bTG7GQ==}
    cpu: [ppc64]
    os: [linux]

  '@rollup/rollup-linux-riscv64-gnu@4.17.2':
    resolution: {integrity: sha512-BOaNfthf3X3fOWAB+IJ9kxTgPmMqPPH5f5k2DcCsRrBIbWnaJCgX2ll77dV1TdSy9SaXTR5iDXRL8n7AnoP5cg==}
    cpu: [riscv64]
    os: [linux]

  '@rollup/rollup-linux-s390x-gnu@4.17.2':
    resolution: {integrity: sha512-W0UP/x7bnn3xN2eYMql2T/+wpASLE5SjObXILTMPUBDB/Fg/FxC+gX4nvCfPBCbNhz51C+HcqQp2qQ4u25ok6g==}
    cpu: [s390x]
    os: [linux]

  '@rollup/rollup-linux-x64-gnu@4.17.2':
    resolution: {integrity: sha512-Hy7pLwByUOuyaFC6mAr7m+oMC+V7qyifzs/nW2OJfC8H4hbCzOX07Ov0VFk/zP3kBsELWNFi7rJtgbKYsav9QQ==}
    cpu: [x64]
    os: [linux]

  '@rollup/rollup-linux-x64-musl@4.17.2':
    resolution: {integrity: sha512-h1+yTWeYbRdAyJ/jMiVw0l6fOOm/0D1vNLui9iPuqgRGnXA0u21gAqOyB5iHjlM9MMfNOm9RHCQ7zLIzT0x11Q==}
    cpu: [x64]
    os: [linux]

  '@rollup/rollup-win32-arm64-msvc@4.17.2':
    resolution: {integrity: sha512-tmdtXMfKAjy5+IQsVtDiCfqbynAQE/TQRpWdVataHmhMb9DCoJxp9vLcCBjEQWMiUYxO1QprH/HbY9ragCEFLA==}
    cpu: [arm64]
    os: [win32]

  '@rollup/rollup-win32-ia32-msvc@4.17.2':
    resolution: {integrity: sha512-7II/QCSTAHuE5vdZaQEwJq2ZACkBpQDOmQsE6D6XUbnBHW8IAhm4eTufL6msLJorzrHDFv3CF8oCA/hSIRuZeQ==}
    cpu: [ia32]
    os: [win32]

  '@rollup/rollup-win32-x64-msvc@4.17.2':
    resolution: {integrity: sha512-TGGO7v7qOq4CYmSBVEYpI1Y5xDuCEnbVC5Vth8mOsW0gDSzxNrVERPc790IGHsrT2dQSimgMr9Ub3Y1Jci5/8w==}
    cpu: [x64]
    os: [win32]

  '@types/estree@1.0.5':
    resolution: {integrity: sha512-/kYRxGDLWzHOB7q+wtSUQlFrtcdUccpfy+X+9iMBpHK8QLLhx2wIPYuS5DYtR9Wa/YlZAbIovy7qVdB1Aq6Lyw==}

  '@types/node@20.12.12':
    resolution: {integrity: sha512-eWLDGF/FOSPtAvEqeRAQ4C8LSA7M1I7i0ky1I8U7kD1J5ITyW3AsRhQrKVoWf5pFKZ2kILsEGJhsI9r93PYnOw==}

  ansi-styles@3.2.1:
    resolution: {integrity: sha512-VT0ZI6kZRdTh8YyJw3SMbYm/u+NqfsAxEpWO0Pf9sq8/e94WxxOpPKx9FR1FlyCtOVDNOQ+8ntlqFxiRc+r5qA==}
    engines: {node: '>=4'}

  chalk@2.4.2:
    resolution: {integrity: sha512-Mti+f9lpJNcwF4tWV8/OrTTtF1gZi+f8FqlyAdouralcFWFQWF2+NgCHShjkCb+IFBLq9buZwE1xckQU4peSuQ==}
    engines: {node: '>=4'}

  clean-stack@5.2.0:
    resolution: {integrity: sha512-TyUIUJgdFnCISzG5zu3291TAsE77ddchd0bepon1VVQrKLGKFED4iXFEDQ24mIPdPBbyE16PK3F8MYE1CmcBEQ==}
    engines: {node: '>=14.16'}

  color-convert@1.9.3:
    resolution: {integrity: sha512-QfAUtd+vFdAtFQcC8CCyYt1fYWxSqAiK2cSD6zDB8N3cpsEBAvRxp9zOGg6G/SHHJYAT88/az/IuDGALsNVbGg==}

  color-name@1.1.3:
    resolution: {integrity: sha512-72fSenhMw2HZMTVHeCA9KCmpEIbzWiQsjN+BHcBbS9vr1mtt+vJjPdksIBNUmKAW8TFUDPJK5SUU3QhE9NEXDw==}

  esbuild@0.21.3:
    resolution: {integrity: sha512-Kgq0/ZsAPzKrbOjCQcjoSmPoWhlcVnGAUo7jvaLHoxW1Drto0KGkR1xBNg2Cp43b9ImvxmPEJZ9xkfcnqPsfBw==}
    engines: {node: '>=12'}
    hasBin: true

  escalade@3.1.2:
    resolution: {integrity: sha512-ErCHMCae19vR8vQGe50xIsVomy19rg6gFu3+r3jkEO46suLMWBksvVyoGgQV+jOfl84ZSOSlmv6Gxa89PmTGmA==}
    engines: {node: '>=6'}

  escape-string-regexp@1.0.5:
    resolution: {integrity: sha512-vbRorB5FUQWvla16U8R/qgaFIya2qGzwDrNmCZuYKrbdSUMG6I1ZCGQRefkRVhuOkIGVne7BQ35DSfo1qvJqFg==}
    engines: {node: '>=0.8.0'}

  escape-string-regexp@5.0.0:
    resolution: {integrity: sha512-/veY75JbMK4j1yjvuUxuVsiS/hr/4iHs9FTT6cgTexxdE0Ly/glccBAkloH/DofkjRbZU3bnoj38mOmhkZ0lHw==}
    engines: {node: '>=12'}

  estree-walker@2.0.2:
    resolution: {integrity: sha512-Rfkk/Mp/DL7JVje3u18FxFujQlTNR2q6QfMSMB7AvCBx91NGj/ba3kCfza0f6dVDbw7YlRf/nDrn7pQrCCyQ/w==}

  fsevents@2.3.3:
    resolution: {integrity: sha512-5xoDfX+fL7faATnagmWPpbFtwh/R77WmMMqqHGS65C3vvB0YHrgF+B1YmZ3441tMj5n63k0212XNoJwzlhffQw==}
    engines: {node: ^8.16.0 || ^10.6.0 || >=11.0.0}
    os: [darwin]

  has-flag@3.0.0:
    resolution: {integrity: sha512-sKJf1+ceQBr4SMkvQnBDNDtf4TXpVhVGateu0t918bl30FnbE2m4vNLX+VWe/dpjlb+HugGYzW7uQXH98HPEYw==}
    engines: {node: '>=4'}

  js-tokens@4.0.0:
    resolution: {integrity: sha512-RdJUflcE3cUzKiMqQgsCu06FPu9UdIJO0beYbPhHN4k6apgJtifcoCtT9bcxOpYBtpD2kCM6Sbzg4CausW/PKQ==}

  magic-string@0.30.10:
    resolution: {integrity: sha512-iIRwTIf0QKV3UAnYK4PU8uiEc4SRh5jX0mwpIwETPpHdhVM4f53RSwS/vXvN1JhGX+Cs7B8qIq3d6AH49O5fAQ==}

  mri@1.2.0:
    resolution: {integrity: sha512-tzzskb3bG8LvYGFF/mDTpq3jpI6Q9wc3LEmBaghu+DdCssd1FakN7Bc0hVNmEyGq1bq3RgfkCb3cmQLpNPOroA==}
    engines: {node: '>=4'}

  picocolors@1.0.1:
    resolution: {integrity: sha512-anP1Z8qwhkbmu7MFP5iTt+wQKXgwzf7zTyGlcdzabySa9vd0Xt392U0rVmz9poOaBj0uHJKyyo9/upk0HrEQew==}

  picomatch@2.3.1:
    resolution: {integrity: sha512-JU3teHTNjmE2VCGFzuY8EXzCDVwEqB2a8fsIvwaStHhAWJEeVd1o1QD80CU6+ZdEXXSLbSsuLwJjkCBWqRQUVA==}
    engines: {node: '>=8.6'}

  rollup-plugin-dts@6.1.1:
    resolution: {integrity: sha512-aSHRcJ6KG2IHIioYlvAOcEq6U99sVtqDDKVhnwt70rW6tsz3tv5OSjEiWcgzfsHdLyGXZ/3b/7b/+Za3Y6r1XA==}
    engines: {node: '>=16'}
    peerDependencies:
      rollup: ^3.29.4 || ^4
      typescript: ^4.5 || ^5.0

  rollup@4.17.2:
    resolution: {integrity: sha512-/9ClTJPByC0U4zNLowV1tMBe8yMEAxewtR3cUNX5BoEpGH3dQEWpJLr6CLp0fPdYRF/fzVOgvDb1zXuakwF5kQ==}
    engines: {node: '>=18.0.0', npm: '>=8.0.0'}
    hasBin: true

  sade@1.8.1:
    resolution: {integrity: sha512-xal3CZX1Xlo/k4ApwCFrHVACi9fBqJ7V+mwhBsuf/1IOKbBy098Fex+Wa/5QMubw09pSZ/u8EY8PWgevJsXp1A==}
    engines: {node: '>=6'}

  supports-color@5.5.0:
    resolution: {integrity: sha512-QjVjwdXIt408MIiAqCX4oUKsgU2EqAGzs2Ppkm4aQYbjm+ZEWEcW4SfFNTr4uMNZma0ey4f5lgLrkB0aX0QMow==}
    engines: {node: '>=4'}

  typescript@5.4.5:
    resolution: {integrity: sha512-vcI4UpRgg81oIRUFwR0WSIHKt11nJ7SAVlYNIu+QpqeyXP+gpQJy/Z4+F0aGxSE4MqwjyXvW/TzgkLAx2AGHwQ==}
    engines: {node: '>=14.17'}
    hasBin: true

  undici-types@5.26.5:
    resolution: {integrity: sha512-JlCMO+ehdEIKqlFxk6IfVoAUVmgz7cU7zD/h9XZ0qzeosSHmUJVOzSQvvYSYWXkFXC+IfLKSIffhv0sVZup6pA==}

  yoctocolors@2.0.2:
    resolution: {integrity: sha512-Ct97huExsu7cWeEjmrXlofevF8CvzUglJ4iGUet5B8xn1oumtAZBpHU4GzYuoE6PVqcZ5hghtBrSlhwHuR1Jmw==}
    engines: {node: '>=18'}

snapshots:

  '@babel/code-frame@7.24.2':
    dependencies:
      '@babel/highlight': 7.24.5
      picocolors: 1.0.1
    optional: true

  '@babel/helper-validator-identifier@7.24.5':
    optional: true

  '@babel/highlight@7.24.5':
    dependencies:
      '@babel/helper-validator-identifier': 7.24.5
      chalk: 2.4.2
      js-tokens: 4.0.0
      picocolors: 1.0.1
    optional: true

  '@esbuild/aix-ppc64@0.21.3':
    optional: true

  '@esbuild/android-arm64@0.21.3':
    optional: true

  '@esbuild/android-arm@0.21.3':
    optional: true

  '@esbuild/android-x64@0.21.3':
    optional: true

  '@esbuild/darwin-arm64@0.21.3':
    optional: true

  '@esbuild/darwin-x64@0.21.3':
    optional: true

  '@esbuild/freebsd-arm64@0.21.3':
    optional: true

  '@esbuild/freebsd-x64@0.21.3':
    optional: true

  '@esbuild/linux-arm64@0.21.3':
    optional: true

  '@esbuild/linux-arm@0.21.3':
    optional: true

  '@esbuild/linux-ia32@0.21.3':
    optional: true

  '@esbuild/linux-loong64@0.21.3':
    optional: true

  '@esbuild/linux-mips64el@0.21.3':
    optional: true

  '@esbuild/linux-ppc64@0.21.3':
    optional: true

  '@esbuild/linux-riscv64@0.21.3':
    optional: true

  '@esbuild/linux-s390x@0.21.3':
    optional: true

  '@esbuild/linux-x64@0.21.3':
    optional: true

  '@esbuild/netbsd-x64@0.21.3':
    optional: true

  '@esbuild/openbsd-x64@0.21.3':
    optional: true

  '@esbuild/sunos-x64@0.21.3':
    optional: true

  '@esbuild/win32-arm64@0.21.3':
    optional: true

  '@esbuild/win32-ia32@0.21.3':
    optional: true

  '@esbuild/win32-x64@0.21.3':
    optional: true

  '@hyrious/esbuild-dev@0.10.5(esbuild@0.21.3)':
    dependencies:
      esbuild: 0.21.3

  '@jridgewell/sourcemap-codec@1.4.15': {}

  '@rollup/plugin-json@6.1.0(rollup@4.17.2)':
    dependencies:
      '@rollup/pluginutils': 5.1.0(rollup@4.17.2)
    optionalDependencies:
      rollup: 4.17.2

  '@rollup/pluginutils@5.1.0(rollup@4.17.2)':
    dependencies:
      '@types/estree': 1.0.5
      estree-walker: 2.0.2
      picomatch: 2.3.1
    optionalDependencies:
      rollup: 4.17.2

  '@rollup/rollup-android-arm-eabi@4.17.2':
    optional: true

  '@rollup/rollup-android-arm64@4.17.2':
    optional: true

  '@rollup/rollup-darwin-arm64@4.17.2':
    optional: true

  '@rollup/rollup-darwin-x64@4.17.2':
    optional: true

  '@rollup/rollup-linux-arm-gnueabihf@4.17.2':
    optional: true

  '@rollup/rollup-linux-arm-musleabihf@4.17.2':
    optional: true

  '@rollup/rollup-linux-arm64-gnu@4.17.2':
    optional: true

  '@rollup/rollup-linux-arm64-musl@4.17.2':
    optional: true

  '@rollup/rollup-linux-powerpc64le-gnu@4.17.2':
    optional: true

  '@rollup/rollup-linux-riscv64-gnu@4.17.2':
    optional: true

  '@rollup/rollup-linux-s390x-gnu@4.17.2':
    optional: true

  '@rollup/rollup-linux-x64-gnu@4.17.2':
    optional: true

  '@rollup/rollup-linux-x64-musl@4.17.2':
    optional: true

  '@rollup/rollup-win32-arm64-msvc@4.17.2':
    optional: true

  '@rollup/rollup-win32-ia32-msvc@4.17.2':
    optional: true

  '@rollup/rollup-win32-x64-msvc@4.17.2':
    optional: true

  '@types/estree@1.0.5': {}

  '@types/node@20.12.12':
    dependencies:
      undici-types: 5.26.5

  ansi-styles@3.2.1:
    dependencies:
      color-convert: 1.9.3
    optional: true

  chalk@2.4.2:
    dependencies:
      ansi-styles: 3.2.1
      escape-string-regexp: 1.0.5
      supports-color: 5.5.0
    optional: true

  clean-stack@5.2.0:
    dependencies:
      escape-string-regexp: 5.0.0

  color-convert@1.9.3:
    dependencies:
      color-name: 1.1.3
    optional: true

  color-name@1.1.3:
    optional: true

  esbuild@0.21.3:
    optionalDependencies:
      '@esbuild/aix-ppc64': 0.21.3
      '@esbuild/android-arm': 0.21.3
      '@esbuild/android-arm64': 0.21.3
      '@esbuild/android-x64': 0.21.3
      '@esbuild/darwin-arm64': 0.21.3
      '@esbuild/darwin-x64': 0.21.3
      '@esbuild/freebsd-arm64': 0.21.3
      '@esbuild/freebsd-x64': 0.21.3
      '@esbuild/linux-arm': 0.21.3
      '@esbuild/linux-arm64': 0.21.3
      '@esbuild/linux-ia32': 0.21.3
      '@esbuild/linux-loong64': 0.21.3
      '@esbuild/linux-mips64el': 0.21.3
      '@esbuild/linux-ppc64': 0.21.3
      '@esbuild/linux-riscv64': 0.21.3
      '@esbuild/linux-s390x': 0.21.3
      '@esbuild/linux-x64': 0.21.3
      '@esbuild/netbsd-x64': 0.21.3
      '@esbuild/openbsd-x64': 0.21.3
      '@esbuild/sunos-x64': 0.21.3
      '@esbuild/win32-arm64': 0.21.3
      '@esbuild/win32-ia32': 0.21.3
      '@esbuild/win32-x64': 0.21.3

  escalade@3.1.2: {}

  escape-string-regexp@1.0.5:
    optional: true

  escape-string-regexp@5.0.0: {}

  estree-walker@2.0.2: {}

  fsevents@2.3.3:
    optional: true

  has-flag@3.0.0:
    optional: true

  js-tokens@4.0.0:
    optional: true

  magic-string@0.30.10:
    dependencies:
      '@jridgewell/sourcemap-codec': 1.4.15

  mri@1.2.0: {}

  picocolors@1.0.1:
    optional: true

  picomatch@2.3.1: {}

  rollup-plugin-dts@6.1.1(rollup@4.17.2)(typescript@5.4.5):
    dependencies:
      magic-string: 0.30.10
      rollup: 4.17.2
      typescript: 5.4.5
    optionalDependencies:
      '@babel/code-frame': 7.24.2

  rollup@4.17.2:
    dependencies:
      '@types/estree': 1.0.5
    optionalDependencies:
      '@rollup/rollup-android-arm-eabi': 4.17.2
      '@rollup/rollup-android-arm64': 4.17.2
      '@rollup/rollup-darwin-arm64': 4.17.2
      '@rollup/rollup-darwin-x64': 4.17.2
      '@rollup/rollup-linux-arm-gnueabihf': 4.17.2
      '@rollup/rollup-linux-arm-musleabihf': 4.17.2
      '@rollup/rollup-linux-arm64-gnu': 4.17.2
      '@rollup/rollup-linux-arm64-musl': 4.17.2
      '@rollup/rollup-linux-powerpc64le-gnu': 4.17.2
      '@rollup/rollup-linux-riscv64-gnu': 4.17.2
      '@rollup/rollup-linux-s390x-gnu': 4.17.2
      '@rollup/rollup-linux-x64-gnu': 4.17.2
      '@rollup/rollup-linux-x64-musl': 4.17.2
      '@rollup/rollup-win32-arm64-msvc': 4.17.2
      '@rollup/rollup-win32-ia32-msvc': 4.17.2
      '@rollup/rollup-win32-x64-msvc': 4.17.2
      fsevents: 2.3.3

  sade@1.8.1:
    dependencies:
      mri: 1.2.0

  supports-color@5.5.0:
    dependencies:
      has-flag: 3.0.0
    optional: true

  typescript@5.4.5: {}

  undici-types@5.26.5: {}

  yoctocolors@2.0.2: {}
